// !$*UTF8*$!
{
	archiveVersion = 1;
	classes = {
	};
	objectVersion = 56;
	objects = {

/* Begin PBXBuildFile section */
		5C5D88582B83F38600DC5932 /* AppEntry.swift in Sources */ = {isa = PBXBuildFile; fileRef = 5C5D88572B83F38600DC5932 /* AppEntry.swift */; };
		5C5D885A2B83F38600DC5932 /* StartView.swift in Sources */ = {isa = PBXBuildFile; fileRef = 5C5D88592B83F38600DC5932 /* StartView.swift */; };
		5C5D885C2B83F38800DC5932 /* Assets.xcassets in Resources */ = {isa = PBXBuildFile; fileRef = 5C5D885B2B83F38800DC5932 /* Assets.xcassets */; };
		5C5D885F2B83F38800DC5932 /* Preview Assets.xcassets in Resources */ = {isa = PBXBuildFile; fileRef = 5C5D885E2B83F38800DC5932 /* Preview Assets.xcassets */; };
		5C5D88692B83F38800DC5932 /* TicTacToev1Tests.swift in Sources */ = {isa = PBXBuildFile; fileRef = 5C5D88682B83F38800DC5932 /* TicTacToev1Tests.swift */; };
		5C5D88732B83F38800DC5932 /* TicTacToev1UITests.swift in Sources */ = {isa = PBXBuildFile; fileRef = 5C5D88722B83F38800DC5932 /* TicTacToev1UITests.swift */; };
		5C5D88752B83F38800DC5932 /* TicTacToev1UITestsLaunchTests.swift in Sources */ = {isa = PBXBuildFile; fileRef = 5C5D88742B83F38800DC5932 /* TicTacToev1UITestsLaunchTests.swift */; };
		5C5D88822B83FA6A00DC5932 /* Launch Screen.storyboard in Resources */ = {isa = PBXBuildFile; fileRef = 5C5D88812B83FA6A00DC5932 /* Launch Screen.storyboard */; };
		5C5D88852B8401D100DC5932 /* GameModels.swift in Sources */ = {isa = PBXBuildFile; fileRef = 5C5D88842B8401D100DC5932 /* GameModels.swift */; };
		5C5D88882B8D300A00DC5932 /* GameView.swift in Sources */ = {isa = PBXBuildFile; fileRef = 5C5D88872B8D300A00DC5932 /* GameView.swift */; };
		5C5D888A2B8D449000DC5932 /* GameService.swift in Sources */ = {isa = PBXBuildFile; fileRef = 5C5D88892B8D449000DC5932 /* GameService.swift */; };
/* End PBXBuildFile section */

/* Begin PBXContainerItemProxy section */
		5C5D88652B83F38800DC5932 /* PBXContainerItemProxy */ = {
			isa = PBXContainerItemProxy;
			containerPortal = 5C5D884C2B83F38600DC5932 /* Project object */;
			proxyType = 1;
			remoteGlobalIDString = 5C5D88532B83F38600DC5932;
			remoteInfo = TicTacToev1;
		};
		5C5D886F2B83F38800DC5932 /* PBXContainerItemProxy */ = {
			isa = PBXContainerItemProxy;
			containerPortal = 5C5D884C2B83F38600DC5932 /* Project object */;
			proxyType = 1;
			remoteGlobalIDString = 5C5D88532B83F38600DC5932;
			remoteInfo = TicTacToev1;
		};
/* End PBXContainerItemProxy section */

/* Begin PBXFileReference section */
		5C5D88542B83F38600DC5932 /* TicTacToev1.app */ = {isa = PBXFileReference; explicitFileType = wrapper.application; includeInIndex = 0; path = TicTacToev1.app; sourceTree = BUILT_PRODUCTS_DIR; };
		5C5D88572B83F38600DC5932 /* AppEntry.swift */ = {isa = PBXFileReference; lastKnownFileType = sourcecode.swift; path = AppEntry.swift; sourceTree = "<group>"; };
		5C5D88592B83F38600DC5932 /* StartView.swift */ = {isa = PBXFileReference; lastKnownFileType = sourcecode.swift; path = StartView.swift; sourceTree = "<group>"; };
		5C5D885B2B83F38800DC5932 /* Assets.xcassets */ = {isa = PBXFileReference; lastKnownFileType = folder.assetcatalog; path = Assets.xcassets; sourceTree = "<group>"; };
		5C5D885E2B83F38800DC5932 /* Preview Assets.xcassets */ = {isa = PBXFileReference; lastKnownFileType = folder.assetcatalog; path = "Preview Assets.xcassets"; sourceTree = "<group>"; };
		5C5D88642B83F38800DC5932 /* TicTacToev1Tests.xctest */ = {isa = PBXFileReference; explicitFileType = wrapper.cfbundle; includeInIndex = 0; path = TicTacToev1Tests.xctest; sourceTree = BUILT_PRODUCTS_DIR; };
		5C5D88682B83F38800DC5932 /* TicTacToev1Tests.swift */ = {isa = PBXFileReference; lastKnownFileType = sourcecode.swift; path = TicTacToev1Tests.swift; sourceTree = "<group>"; };
		5C5D886E2B83F38800DC5932 /* TicTacToev1UITests.xctest */ = {isa = PBXFileReference; explicitFileType = wrapper.cfbundle; includeInIndex = 0; path = TicTacToev1UITests.xctest; sourceTree = BUILT_PRODUCTS_DIR; };
		5C5D88722B83F38800DC5932 /* TicTacToev1UITests.swift */ = {isa = PBXFileReference; lastKnownFileType = sourcecode.swift; path = TicTacToev1UITests.swift; sourceTree = "<group>"; };
		5C5D88742B83F38800DC5932 /* TicTacToev1UITestsLaunchTests.swift */ = {isa = PBXFileReference; lastKnownFileType = sourcecode.swift; path = TicTacToev1UITestsLaunchTests.swift; sourceTree = "<group>"; };
		5C5D88812B83FA6A00DC5932 /* Launch Screen.storyboard */ = {isa = PBXFileReference; lastKnownFileType = file.storyboard; path = "Launch Screen.storyboard"; sourceTree = "<group>"; };
		5C5D88842B8401D100DC5932 /* GameModels.swift */ = {isa = PBXFileReference; lastKnownFileType = sourcecode.swift; path = GameModels.swift; sourceTree = "<group>"; };
		5C5D88872B8D300A00DC5932 /* GameView.swift */ = {isa = PBXFileReference; lastKnownFileType = sourcecode.swift; path = GameView.swift; sourceTree = "<group>"; };
		5C5D88892B8D449000DC5932 /* GameService.swift */ = {isa = PBXFileReference; lastKnownFileType = sourcecode.swift; path = GameService.swift; sourceTree = "<group>"; };
/* End PBXFileReference section */

/* Begin PBXFrameworksBuildPhase section */
		5C5D88512B83F38600DC5932 /* Frameworks */ = {
			isa = PBXFrameworksBuildPhase;
			buildActionMask = 2147483647;
			files = (
			);
			runOnlyForDeploymentPostprocessing = 0;
		};
		5C5D88612B83F38800DC5932 /* Frameworks */ = {
			isa = PBXFrameworksBuildPhase;
			buildActionMask = 2147483647;
			files = (
			);
			runOnlyForDeploymentPostprocessing = 0;
		};
		5C5D886B2B83F38800DC5932 /* Frameworks */ = {
			isa = PBXFrameworksBuildPhase;
			buildActionMask = 2147483647;
			files = (
			);
			runOnlyForDeploymentPostprocessing = 0;
		};
/* End PBXFrameworksBuildPhase section */

/* Begin PBXGroup section */
		5C5D884B2B83F38600DC5932 = {
			isa = PBXGroup;
			children = (
				5C5D88812B83FA6A00DC5932 /* Launch Screen.storyboard */,
				5C5D88562B83F38600DC5932 /* TicTacToev1 */,
				5C5D88672B83F38800DC5932 /* TicTacToev1Tests */,
				5C5D88712B83F38800DC5932 /* TicTacToev1UITests */,
				5C5D88552B83F38600DC5932 /* Products */,
			);
			sourceTree = "<group>";
		};
		5C5D88552B83F38600DC5932 /* Products */ = {
			isa = PBXGroup;
			children = (
				5C5D88542B83F38600DC5932 /* TicTacToev1.app */,
				5C5D88642B83F38800DC5932 /* TicTacToev1Tests.xctest */,
				5C5D886E2B83F38800DC5932 /* TicTacToev1UITests.xctest */,
			);
			name = Products;
			sourceTree = "<group>";
		};
		5C5D88562B83F38600DC5932 /* TicTacToev1 */ = {
			isa = PBXGroup;
			children = (
				5C5D88572B83F38600DC5932 /* AppEntry.swift */,
				5C5D88592B83F38600DC5932 /* StartView.swift */,
				5C5D88862B8D2FC900DC5932 /* Game Screen */,
				5C5D88832B84019800DC5932 /* Models */,
				5C5D885B2B83F38800DC5932 /* Assets.xcassets */,
				5C5D885D2B83F38800DC5932 /* Preview Content */,
			);
			path = TicTacToev1;
			sourceTree = "<group>";
		};
		5C5D885D2B83F38800DC5932 /* Preview Content */ = {
			isa = PBXGroup;
			children = (
				5C5D885E2B83F38800DC5932 /* Preview Assets.xcassets */,
			);
			path = "Preview Content";
			sourceTree = "<group>";
		};
		5C5D88672B83F38800DC5932 /* TicTacToev1Tests */ = {
			isa = PBXGroup;
			children = (
				5C5D88682B83F38800DC5932 /* TicTacToev1Tests.swift */,
			);
			path = TicTacToev1Tests;
			sourceTree = "<group>";
		};
		5C5D88712B83F38800DC5932 /* TicTacToev1UITests */ = {
			isa = PBXGroup;
			children = (
				5C5D88722B83F38800DC5932 /* TicTacToev1UITests.swift */,
				5C5D88742B83F38800DC5932 /* TicTacToev1UITestsLaunchTests.swift */,
			);
			path = TicTacToev1UITests;
			sourceTree = "<group>";
		};
		5C5D88832B84019800DC5932 /* Models */ = {
			isa = PBXGroup;
			children = (
				5C5D88842B8401D100DC5932 /* GameModels.swift */,
			);
			path = Models;
			sourceTree = "<group>";
		};
		5C5D88862B8D2FC900DC5932 /* Game Screen */ = {
			isa = PBXGroup;
			children = (
				5C5D88872B8D300A00DC5932 /* GameView.swift */,
				5C5D88892B8D449000DC5932 /* GameService.swift */,
			);
			path = "Game Screen";
			sourceTree = "<group>";
		};
/* End PBXGroup section */

/* Begin PBXNativeTarget section */
		5C5D88532B83F38600DC5932 /* TicTacToev1 */ = {
			isa = PBXNativeTarget;
			buildConfigurationList = 5C5D88782B83F38800DC5932 /* Build configuration list for PBXNativeTarget "TicTacToev1" */;
			buildPhases = (
				5C5D88502B83F38600DC5932 /* Sources */,
				5C5D88512B83F38600DC5932 /* Frameworks */,
				5C5D88522B83F38600DC5932 /* Resources */,
			);
			buildRules = (
			);
			dependencies = (
			);
			name = TicTacToev1;
			productName = TicTacToev1;
			productReference = 5C5D88542B83F38600DC5932 /* TicTacToev1.app */;
			productType = "com.apple.product-type.application";
		};
		5C5D88632B83F38800DC5932 /* TicTacToev1Tests */ = {
			isa = PBXNativeTarget;
			buildConfigurationList = 5C5D887B2B83F38800DC5932 /* Build configuration list for PBXNativeTarget "TicTacToev1Tests" */;
			buildPhases = (
				5C5D88602B83F38800DC5932 /* Sources */,
				5C5D88612B83F38800DC5932 /* Frameworks */,
				5C5D88622B83F38800DC5932 /* Resources */,
			);
			buildRules = (
			);
			dependencies = (
				5C5D88662B83F38800DC5932 /* PBXTargetDependency */,
			);
			name = TicTacToev1Tests;
			productName = TicTacToev1Tests;
			productReference = 5C5D88642B83F38800DC5932 /* TicTacToev1Tests.xctest */;
			productType = "com.apple.product-type.bundle.unit-test";
		};
		5C5D886D2B83F38800DC5932 /* TicTacToev1UITests */ = {
			isa = PBXNativeTarget;
			buildConfigurationList = 5C5D887E2B83F38800DC5932 /* Build configuration list for PBXNativeTarget "TicTacToev1UITests" */;
			buildPhases = (
				5C5D886A2B83F38800DC5932 /* Sources */,
				5C5D886B2B83F38800DC5932 /* Frameworks */,
				5C5D886C2B83F38800DC5932 /* Resources */,
			);
			buildRules = (
			);
			dependencies = (
				5C5D88702B83F38800DC5932 /* PBXTargetDependency */,
			);
			name = TicTacToev1UITests;
			productName = TicTacToev1UITests;
			productReference = 5C5D886E2B83F38800DC5932 /* TicTacToev1UITests.xctest */;
			productType = "com.apple.product-type.bundle.ui-testing";
		};
/* End PBXNativeTarget section */

/* Begin PBXProject section */
		5C5D884C2B83F38600DC5932 /* Project object */ = {
			isa = PBXProject;
			attributes = {
				BuildIndependentTargetsInParallel = 1;
				LastSwiftUpdateCheck = 1520;
				LastUpgradeCheck = 1520;
				TargetAttributes = {
					5C5D88532B83F38600DC5932 = {
						CreatedOnToolsVersion = 15.2;
					};
					5C5D88632B83F38800DC5932 = {
						CreatedOnToolsVersion = 15.2;
						TestTargetID = 5C5D88532B83F38600DC5932;
					};
					5C5D886D2B83F38800DC5932 = {
						CreatedOnToolsVersion = 15.2;
						TestTargetID = 5C5D88532B83F38600DC5932;
					};
				};
			};
			buildConfigurationList = 5C5D884F2B83F38600DC5932 /* Build configuration list for PBXProject "TicTacToev1" */;
			compatibilityVersion = "Xcode 14.0";
			developmentRegion = en;
			hasScannedForEncodings = 0;
			knownRegions = (
				en,
				Base,
			);
			mainGroup = 5C5D884B2B83F38600DC5932;
			productRefGroup = 5C5D88552B83F38600DC5932 /* Products */;
			projectDirPath = "";
			projectRoot = "";
			targets = (
				5C5D88532B83F38600DC5932 /* TicTacToev1 */,
				5C5D88632B83F38800DC5932 /* TicTacToev1Tests */,
				5C5D886D2B83F38800DC5932 /* TicTacToev1UITests */,
			);
		};
/* End PBXProject section */

/* Begin PBXResourcesBuildPhase section */
		5C5D88522B83F38600DC5932 /* Resources */ = {
			isa = PBXResourcesBuildPhase;
			buildActionMask = 2147483647;
			files = (
				5C5D88822B83FA6A00DC5932 /* Launch Screen.storyboard in Resources */,
				5C5D885F2B83F38800DC5932 /* Preview Assets.xcassets in Resources */,
				5C5D885C2B83F38800DC5932 /* Assets.xcassets in Resources */,
			);
			runOnlyForDeploymentPostprocessing = 0;
		};
		5C5D88622B83F38800DC5932 /* Resources */ = {
			isa = PBXResourcesBuildPhase;
			buildActionMask = 2147483647;
			files = (
			);
			runOnlyForDeploymentPostprocessing = 0;
		};
		5C5D886C2B83F38800DC5932 /* Resources */ = {
			isa = PBXResourcesBuildPhase;
			buildActionMask = 2147483647;
			files = (
			);
			runOnlyForDeploymentPostprocessing = 0;
		};
/* End PBXResourcesBuildPhase section */

/* Begin PBXSourcesBuildPhase section */
		5C5D88502B83F38600DC5932 /* Sources */ = {
			isa = PBXSourcesBuildPhase;
			buildActionMask = 2147483647;
			files = (
				5C5D885A2B83F38600DC5932 /* StartView.swift in Sources */,
				5C5D88852B8401D100DC5932 /* GameModels.swift in Sources */,
				5C5D888A2B8D449000DC5932 /* GameService.swift in Sources */,
				5C5D88882B8D300A00DC5932 /* GameView.swift in Sources */,
				5C5D88582B83F38600DC5932 /* AppEntry.swift in Sources */,
			);
			runOnlyForDeploymentPostprocessing = 0;
		};
		5C5D88602B83F38800DC5932 /* Sources */ = {
			isa = PBXSourcesBuildPhase;
			buildActionMask = 2147483647;
			files = (
				5C5D88692B83F38800DC5932 /* TicTacToev1Tests.swift in Sources */,
			);
			runOnlyForDeploymentPostprocessing = 0;
		};
		5C5D886A2B83F38800DC5932 /* Sources */ = {
			isa = PBXSourcesBuildPhase;
			buildActionMask = 2147483647;
			files = (
				5C5D88752B83F38800DC5932 /* TicTacToev1UITestsLaunchTests.swift in Sources */,
				5C5D88732B83F38800DC5932 /* TicTacToev1UITests.swift in Sources */,
			);
			runOnlyForDeploymentPostprocessing = 0;
		};
/* End PBXSourcesBuildPhase section */

/* Begin PBXTargetDependency section */
		5C5D88662B83F38800DC5932 /* PBXTargetDependency */ = {
			isa = PBXTargetDependency;
			target = 5C5D88532B83F38600DC5932 /* TicTacToev1 */;
			targetProxy = 5C5D88652B83F38800DC5932 /* PBXContainerItemProxy */;
		};
		5C5D88702B83F38800DC5932 /* PBXTargetDependency */ = {
			isa = PBXTargetDependency;
			target = 5C5D88532B83F38600DC5932 /* TicTacToev1 */;
			targetProxy = 5C5D886F2B83F38800DC5932 /* PBXContainerItemProxy */;
		};
/* End PBXTargetDependency section */

/* Begin XCBuildConfiguration section */
		5C5D88762B83F38800DC5932 /* Debug */ = {
			isa = XCBuildConfiguration;
			buildSettings = {
				ALWAYS_SEARCH_USER_PATHS = NO;
				ASSETCATALOG_COMPILER_GENERATE_SWIFT_ASSET_SYMBOL_EXTENSIONS = YES;
				CLANG_ANALYZER_NONNULL = YES;
				CLANG_ANALYZER_NUMBER_OBJECT_CONVERSION = YES_AGGRESSIVE;
				CLANG_CXX_LANGUAGE_STANDARD = "gnu++20";
				CLANG_ENABLE_MODULES = YES;
				CLANG_ENABLE_OBJC_ARC = YES;
				CLANG_ENABLE_OBJC_WEAK = YES;
				CLANG_WARN_BLOCK_CAPTURE_AUTORELEASING = YES;
				CLANG_WARN_BOOL_CONVERSION = YES;
				CLANG_WARN_COMMA = YES;
				CLANG_WARN_CONSTANT_CONVERSION = YES;
				CLANG_WARN_DEPRECATED_OBJC_IMPLEMENTATIONS = YES;
				CLANG_WARN_DIRECT_OBJC_ISA_USAGE = YES_ERROR;
				CLANG_WARN_DOCUMENTATION_COMMENTS = YES;
				CLANG_WARN_EMPTY_BODY = YES;
				CLANG_WARN_ENUM_CONVERSION = YES;
				CLANG_WARN_INFINITE_RECURSION = YES;
				CLANG_WARN_INT_CONVERSION = YES;
				CLANG_WARN_NON_LITERAL_NULL_CONVERSION = YES;
				CLANG_WARN_OBJC_IMPLICIT_RETAIN_SELF = YES;
				CLANG_WARN_OBJC_LITERAL_CONVERSION = YES;
				CLANG_WARN_OBJC_ROOT_CLASS = YES_ERROR;
				CLANG_WARN_QUOTED_INCLUDE_IN_FRAMEWORK_HEADER = YES;
				CLANG_WARN_RANGE_LOOP_ANALYSIS = YES;
				CLANG_WARN_STRICT_PROTOTYPES = YES;
				CLANG_WARN_SUSPICIOUS_MOVE = YES;
				CLANG_WARN_UNGUARDED_AVAILABILITY = YES_AGGRESSIVE;
				CLANG_WARN_UNREACHABLE_CODE = YES;
				CLANG_WARN__DUPLICATE_METHOD_MATCH = YES;
				COPY_PHASE_STRIP = NO;
				DEBUG_INFORMATION_FORMAT = dwarf;
				ENABLE_STRICT_OBJC_MSGSEND = YES;
				ENABLE_TESTABILITY = YES;
				ENABLE_USER_SCRIPT_SANDBOXING = YES;
				GCC_C_LANGUAGE_STANDARD = gnu17;
				GCC_DYNAMIC_NO_PIC = NO;
				GCC_NO_COMMON_BLOCKS = YES;
				GCC_OPTIMIZATION_LEVEL = 0;
				GCC_PREPROCESSOR_DEFINITIONS = (
					"DEBUG=1",
					"$(inherited)",
				);
				GCC_WARN_64_TO_32_BIT_CONVERSION = YES;
				GCC_WARN_ABOUT_RETURN_TYPE = YES_ERROR;
				GCC_WARN_UNDECLARED_SELECTOR = YES;
				GCC_WARN_UNINITIALIZED_AUTOS = YES_AGGRESSIVE;
				GCC_WARN_UNUSED_FUNCTION = YES;
				GCC_WARN_UNUSED_VARIABLE = YES;
				IPHONEOS_DEPLOYMENT_TARGET = 17.2;
				LOCALIZATION_PREFERS_STRING_CATALOGS = YES;
				MTL_ENABLE_DEBUG_INFO = INCLUDE_SOURCE;
				MTL_FAST_MATH = YES;
				ONLY_ACTIVE_ARCH = YES;
				SDKROOT = iphoneos;
				SWIFT_ACTIVE_COMPILATION_CONDITIONS = "DEBUG $(inherited)";
				SWIFT_OPTIMIZATION_LEVEL = "-Onone";
			};
			name = Debug;
		};
		5C5D88772B83F38800DC5932 /* Release */ = {
			isa = XCBuildConfiguration;
			buildSettings = {
				ALWAYS_SEARCH_USER_PATHS = NO;
				ASSETCATALOG_COMPILER_GENERATE_SWIFT_ASSET_SYMBOL_EXTENSIONS = YES;
				CLANG_ANALYZER_NONNULL = YES;
				CLANG_ANALYZER_NUMBER_OBJECT_CONVERSION = YES_AGGRESSIVE;
				CLANG_CXX_LANGUAGE_STANDARD = "gnu++20";
				CLANG_ENABLE_MODULES = YES;
				CLANG_ENABLE_OBJC_ARC = YES;
				CLANG_ENABLE_OBJC_WEAK = YES;
				CLANG_WARN_BLOCK_CAPTURE_AUTORELEASING = YES;
				CLANG_WARN_BOOL_CONVERSION = YES;
				CLANG_WARN_COMMA = YES;
				CLANG_WARN_CONSTANT_CONVERSION = YES;
				CLANG_WARN_DEPRECATED_OBJC_IMPLEMENTATIONS = YES;
				CLANG_WARN_DIRECT_OBJC_ISA_USAGE = YES_ERROR;
				CLANG_WARN_DOCUMENTATION_COMMENTS = YES;
				CLANG_WARN_EMPTY_BODY = YES;
				CLANG_WARN_ENUM_CONVERSION = YES;
				CLANG_WARN_INFINITE_RECURSION = YES;
				CLANG_WARN_INT_CONVERSION = YES;
				CLANG_WARN_NON_LITERAL_NULL_CONVERSION = YES;
				CLANG_WARN_OBJC_IMPLICIT_RETAIN_SELF = YES;
				CLANG_WARN_OBJC_LITERAL_CONVERSION = YES;
				CLANG_WARN_OBJC_ROOT_CLASS = YES_ERROR;
				CLANG_WARN_QUOTED_INCLUDE_IN_FRAMEWORK_HEADER = YES;
				CLANG_WARN_RANGE_LOOP_ANALYSIS = YES;
				CLANG_WARN_STRICT_PROTOTYPES = YES;
				CLANG_WARN_SUSPICIOUS_MOVE = YES;
				CLANG_WARN_UNGUARDED_AVAILABILITY = YES_AGGRESSIVE;
				CLANG_WARN_UNREACHABLE_CODE = YES;
				CLANG_WARN__DUPLICATE_METHOD_MATCH = YES;
				COPY_PHASE_STRIP = NO;
				DEBUG_INFORMATION_FORMAT = "dwarf-with-dsym";
				ENABLE_NS_ASSERTIONS = NO;
				ENABLE_STRICT_OBJC_MSGSEND = YES;
				ENABLE_USER_SCRIPT_SANDBOXING = YES;
				GCC_C_LANGUAGE_STANDARD = gnu17;
				GCC_NO_COMMON_BLOCKS = YES;
				GCC_WARN_64_TO_32_BIT_CONVERSION = YES;
				GCC_WARN_ABOUT_RETURN_TYPE = YES_ERROR;
				GCC_WARN_UNDECLARED_SELECTOR = YES;
				GCC_WARN_UNINITIALIZED_AUTOS = YES_AGGRESSIVE;
				GCC_WARN_UNUSED_FUNCTION = YES;
				GCC_WARN_UNUSED_VARIABLE = YES;
				IPHONEOS_DEPLOYMENT_TARGET = 17.2;
				LOCALIZATION_PREFERS_STRING_CATALOGS = YES;
				MTL_ENABLE_DEBUG_INFO = NO;
				MTL_FAST_MATH = YES;
				SDKROOT = iphoneos;
				SWIFT_COMPILATION_MODE = wholemodule;
				VALIDATE_PRODUCT = YES;
			};
			name = Release;
		};
		5C5D88792B83F38800DC5932 /* Debug */ = {
			isa = XCBuildConfiguration;
			buildSettings = {
				ASSETCATALOG_COMPILER_APPICON_NAME = AppIcon;
				ASSETCATALOG_COMPILER_GLOBAL_ACCENT_COLOR_NAME = AccentColor;
				CODE_SIGN_STYLE = Automatic;
				CURRENT_PROJECT_VERSION = 1;
				DEVELOPMENT_ASSET_PATHS = "\"TicTacToev1/Preview Content\"";
				DEVELOPMENT_TEAM = K3BS6HSMX8;
				ENABLE_PREVIEWS = YES;
				GENERATE_INFOPLIST_FILE = YES;
				INFOPLIST_KEY_UIApplicationSceneManifest_Generation = YES;
				INFOPLIST_KEY_UIApplicationSupportsIndirectInputEvents = YES;
				INFOPLIST_KEY_UILaunchScreen_Generation = YES;
				INFOPLIST_KEY_UILaunchStoryboardName = "Launch Screen.storyboard";
				INFOPLIST_KEY_UISupportedInterfaceOrientations = UIInterfaceOrientationPortrait;
				INFOPLIST_KEY_UISupportedInterfaceOrientations_iPad = "UIInterfaceOrientationLandscapeLeft UIInterfaceOrientationLandscapeRight UIInterfaceOrientationPortrait UIInterfaceOrientationPortraitUpsideDown";
				LD_RUNPATH_SEARCH_PATHS = (
					"$(inherited)",
					"@executable_path/Frameworks",
				);
				MARKETING_VERSION = 1.0;
				PRODUCT_BUNDLE_IDENTIFIER = TAMU.TicTacToev1;
				PRODUCT_NAME = "$(TARGET_NAME)";
				SWIFT_EMIT_LOC_STRINGS = YES;
				SWIFT_VERSION = 5.0;
				TARGETED_DEVICE_FAMILY = "1,2";
			};
			name = Debug;
		};
		5C5D887A2B83F38800DC5932 /* Release */ = {
			isa = XCBuildConfiguration;
			buildSettings = {
				ASSETCATALOG_COMPILER_APPICON_NAME = AppIcon;
				ASSETCATALOG_COMPILER_GLOBAL_ACCENT_COLOR_NAME = AccentColor;
				CODE_SIGN_STYLE = Automatic;
				CURRENT_PROJECT_VERSION = 1;
				DEVELOPMENT_ASSET_PATHS = "\"TicTacToev1/Preview Content\"";
				DEVELOPMENT_TEAM = K3BS6HSMX8;
				ENABLE_PREVIEWS = YES;
				GENERATE_INFOPLIST_FILE = YES;
				INFOPLIST_KEY_UIApplicationSceneManifest_Generation = YES;
				INFOPLIST_KEY_UIApplicationSupportsIndirectInputEvents = YES;
				INFOPLIST_KEY_UILaunchScreen_Generation = YES;
				INFOPLIST_KEY_UILaunchStoryboardName = "Launch Screen.storyboard";
				INFOPLIST_KEY_UISupportedInterfaceOrientations = UIInterfaceOrientationPortrait;
				INFOPLIST_KEY_UISupportedInterfaceOrientations_iPad = "UIInterfaceOrientationLandscapeLeft UIInterfaceOrientationLandscapeRight UIInterfaceOrientationPortrait UIInterfaceOrientationPortraitUpsideDown";
				LD_RUNPATH_SEARCH_PATHS = (
					"$(inherited)",
					"@executable_path/Frameworks",
				);
				MARKETING_VERSION = 1.0;
				PRODUCT_BUNDLE_IDENTIFIER = TAMU.TicTacToev1;
				PRODUCT_NAME = "$(TARGET_NAME)";
				SWIFT_EMIT_LOC_STRINGS = YES;
				SWIFT_VERSION = 5.0;
				TARGETED_DEVICE_FAMILY = "1,2";
			};
			name = Release;
		};
		5C5D887C2B83F38800DC5932 /* Debug */ = {
			isa = XCBuildConfiguration;
			buildSettings = {
				ALWAYS_EMBED_SWIFT_STANDARD_LIBRARIES = YES;
				BUNDLE_LOADER = "$(TEST_HOST)";
				CODE_SIGN_STYLE = Automatic;
				CURRENT_PROJECT_VERSION = 1;
				DEVELOPMENT_TEAM = K3BS6HSMX8;
				GENERATE_INFOPLIST_FILE = YES;
				IPHONEOS_DEPLOYMENT_TARGET = 17.2;
				MARKETING_VERSION = 1.0;
				PRODUCT_BUNDLE_IDENTIFIER = TAMU.TicTacToev1Tests;
				PRODUCT_NAME = "$(TARGET_NAME)";
				SWIFT_EMIT_LOC_STRINGS = NO;
				SWIFT_VERSION = 5.0;
				TARGETED_DEVICE_FAMILY = "1,2";
				TEST_HOST = "$(BUILT_PRODUCTS_DIR)/TicTacToev1.app/$(BUNDLE_EXECUTABLE_FOLDER_PATH)/TicTacToev1";
			};
			name = Debug;
		};
		5C5D887D2B83F38800DC5932 /* Release */ = {
			isa = XCBuildConfiguration;
			buildSettings = {
				ALWAYS_EMBED_SWIFT_STANDARD_LIBRARIES = YES;
				BUNDLE_LOADER = "$(TEST_HOST)";
				CODE_SIGN_STYLE = Automatic;
				CURRENT_PROJECT_VERSION = 1;
				DEVELOPMENT_TEAM = K3BS6HSMX8;
				GENERATE_INFOPLIST_FILE = YES;
				IPHONEOS_DEPLOYMENT_TARGET = 17.2;
				MARKETING_VERSION = 1.0;
				PRODUCT_BUNDLE_IDENTIFIER = TAMU.TicTacToev1Tests;
				PRODUCT_NAME = "$(TARGET_NAME)";
				SWIFT_EMIT_LOC_STRINGS = NO;
				SWIFT_VERSION = 5.0;
				TARGETED_DEVICE_FAMILY = "1,2";
				TEST_HOST = "$(BUILT_PRODUCTS_DIR)/TicTacToev1.app/$(BUNDLE_EXECUTABLE_FOLDER_PATH)/TicTacToev1";
			};
			name = Release;
		};
		5C5D887F2B83F38800DC5932 /* Debug */ = {
			isa = XCBuildConfiguration;
			buildSettings = {
				ALWAYS_EMBED_SWIFT_STANDARD_LIBRARIES = YES;
				CODE_SIGN_STYLE = Automatic;
				CURRENT_PROJECT_VERSION = 1;
				DEVELOPMENT_TEAM = K3BS6HSMX8;
				GENERATE_INFOPLIST_FILE = YES;
				MARKETING_VERSION = 1.0;
				PRODUCT_BUNDLE_IDENTIFIER = TAMU.TicTacToev1UITests;
				PRODUCT_NAME = "$(TARGET_NAME)";
				SWIFT_EMIT_LOC_STRINGS = NO;
				SWIFT_VERSION = 5.0;
				TARGETED_DEVICE_FAMILY = "1,2";
				TEST_TARGET_NAME = TicTacToev1;
			};
			name = Debug;
		};
		5C5D88802B83F38800DC5932 /* Release */ = {
			isa = XCBuildConfiguration;
			buildSettings = {
				ALWAYS_EMBED_SWIFT_STANDARD_LIBRARIES = YES;
				CODE_SIGN_STYLE = Automatic;
				CURRENT_PROJECT_VERSION = 1;
				DEVELOPMENT_TEAM = K3BS6HSMX8;
				GENERATE_INFOPLIST_FILE = YES;
				MARKETING_VERSION = 1.0;
				PRODUCT_BUNDLE_IDENTIFIER = TAMU.TicTacToev1UITests;
				PRODUCT_NAME = "$(TARGET_NAME)";
				SWIFT_EMIT_LOC_STRINGS = NO;
				SWIFT_VERSION = 5.0;
				TARGETED_DEVICE_FAMILY = "1,2";
				TEST_TARGET_NAME = TicTacToev1;
			};
			name = Release;
		};
/* End XCBuildConfiguration section */

/* Begin XCConfigurationList section */
		5C5D884F2B83F38600DC5932 /* Build configuration list for PBXProject "TicTacToev1" */ = {
			isa = XCConfigurationList;
			buildConfigurations = (
				5C5D88762B83F38800DC5932 /* Debug */,
				5C5D88772B83F38800DC5932 /* Release */,
			);
			defaultConfigurationIsVisible = 0;
			defaultConfigurationName = Release;
		};
		5C5D88782B83F38800DC5932 /* Build configuration list for PBXNativeTarget "TicTacToev1" */ = {
			isa = XCConfigurationList;
			buildConfigurations = (
				5C5D88792B83F38800DC5932 /* Debug */,
				5C5D887A2B83F38800DC5932 /* Release */,
			);
			defaultConfigurationIsVisible = 0;
			defaultConfigurationName = Release;
		};
		5C5D887B2B83F38800DC5932 /* Build configuration list for PBXNativeTarget "TicTacToev1Tests" */ = {
			isa = XCConfigurationList;
			buildConfigurations = (
				5C5D887C2B83F38800DC5932 /* Debug */,
				5C5D887D2B83F38800DC5932 /* Release */,
			);
			defaultConfigurationIsVisible = 0;
			defaultConfigurationName = Release;
		};
		5C5D887E2B83F38800DC5932 /* Build configuration list for PBXNativeTarget "TicTacToev1UITests" */ = {
			isa = XCConfigurationList;
			buildConfigurations = (
				5C5D887F2B83F38800DC5932 /* Debug */,
				5C5D88802B83F38800DC5932 /* Release */,
			);
			defaultConfigurationIsVisible = 0;
			defaultConfigurationName = Release;
		};
/* End XCConfigurationList section */
	};
	rootObject = 5C5D884C2B83F38600DC5932 /* Project object */;
}
